
Microsoft Visual Studio Solution File, Format Version 12.00
# Visual Studio Version 16
VisualStudioVersion = 16.0.32510.428
MinimumVisualStudioVersion = 10.0.40219.1
Project("{FAE04EC0-301F-11D3-BF4B-00C04F79EFBC}") = "ComidasRapidasPOOmBA", "ComidasRapidasPOOmBA.csproj", "{A66EC857-6416-4418-8356-AC5395572FAC}"
EndProject
Global
	GlobalSection(SolutionConfigurationPlatforms) = preSolution
		Debug|Any CPU = Debug|Any CPU
		Release|Any CPU = Release|Any CPU
	EndGlobalSection
	GlobalSection(ProjectConfigurationPlatforms) = postSolution
		{A66EC857-6416-4418-8356-AC5395572FAC}.Debug|Any CPU.ActiveCfg = Debug|Any CPU
		{A66EC857-6416-4418-8356-AC5395572FAC}.Debug|Any CPU.Build.0 = Debug|Any CPU
		{A66EC857-6416-4418-8356-AC5395572FAC}.Release|Any CPU.ActiveCfg = Release|Any CPU
		{A66EC857-6416-4418-8356-AC5395572FAC}.Release|Any CPU.Build.0 = Release|Any CPU
	EndGlobalSection
	GlobalSection(SolutionProperties) = preSolution
		HideSolutionNode = FALSE
	EndGlobalSection
	GlobalSection(ExtensibilityGlobals) = postSolution
		SolutionGuid = {CD88148C-ABE6-4351-AB57-09446E5875BD}
	EndGlobalSection
EndGlobal
